// !$*UTF8*$!
{
	archiveVersion = 1;
	classes = {
	};
	objectVersion = 56;
	objects = {

/* Begin PBXBuildFile section */
		1CC4BD172C1327D400E1E842 /* TypeHereApp.swift in Sources */ = {isa = PBXBuildFile; fileRef = 1CC4BD162C1327D400E1E842 /* TypeHereApp.swift */; };
		1CC4BD192C1327D400E1E842 /* ContentView.swift in Sources */ = {isa = PBXBuildFile; fileRef = 1CC4BD182C1327D400E1E842 /* ContentView.swift */; };
		1CC4BD1B2C1327D700E1E842 /* Assets.xcassets in Resources */ = {isa = PBXBuildFile; fileRef = 1CC4BD1A2C1327D700E1E842 /* Assets.xcassets */; };
		1CC4BD1E2C1327D700E1E842 /* Preview Assets.xcassets in Resources */ = {isa = PBXBuildFile; fileRef = 1CC4BD1D2C1327D700E1E842 /* Preview Assets.xcassets */; };
		1CC4BD262C13291A00E1E842 /* GlobalMouseListener.swift in Sources */ = {isa = PBXBuildFile; fileRef = 1CC4BD252C13291A00E1E842 /* GlobalMouseListener.swift */; };
		1CC4BD282C133B6800E1E842 /* MouseEventHandler.swift in Sources */ = {isa = PBXBuildFile; fileRef = 1CC4BD272C133B6800E1E842 /* MouseEventHandler.swift */; };
		1CC4BD2A2C133B8100E1E842 /* KeyboardEventHandler.swift in Sources */ = {isa = PBXBuildFile; fileRef = 1CC4BD292C133B8100E1E842 /* KeyboardEventHandler.swift */; };
		1CC4BD2C2C135E5900E1E842 /* LICENSE.txt in Resources */ = {isa = PBXBuildFile; fileRef = 1CC4BD2B2C135E5900E1E842 /* LICENSE.txt */; };
/* End PBXBuildFile section */

/* Begin PBXFileReference section */
		1CC4BD132C1327D400E1E842 /* TypeHere.app */ = {isa = PBXFileReference; explicitFileType = wrapper.application; includeInIndex = 0; path = TypeHere.app; sourceTree = BUILT_PRODUCTS_DIR; };
		1CC4BD162C1327D400E1E842 /* TypeHereApp.swift */ = {isa = PBXFileReference; lastKnownFileType = sourcecode.swift; path = TypeHereApp.swift; sourceTree = "<group>"; };
		1CC4BD182C1327D400E1E842 /* ContentView.swift */ = {isa = PBXFileReference; lastKnownFileType = sourcecode.swift; path = ContentView.swift; sourceTree = "<group>"; };
		1CC4BD1A2C1327D700E1E842 /* Assets.xcassets */ = {isa = PBXFileReference; lastKnownFileType = folder.assetcatalog; path = Assets.xcassets; sourceTree = "<group>"; };
		1CC4BD1D2C1327D700E1E842 /* Preview Assets.xcassets */ = {isa = PBXFileReference; lastKnownFileType = folder.assetcatalog; path = "Preview Assets.xcassets"; sourceTree = "<group>"; };
		1CC4BD1F2C1327D700E1E842 /* TypeHere.entitlements */ = {isa = PBXFileReference; lastKnownFileType = text.plist.entitlements; path = TypeHere.entitlements; sourceTree = "<group>"; };
		1CC4BD252C13291A00E1E842 /* GlobalMouseListener.swift */ = {isa = PBXFileReference; lastKnownFileType = sourcecode.swift; path = GlobalMouseListener.swift; sourceTree = "<group>"; };
		1CC4BD272C133B6800E1E842 /* MouseEventHandler.swift */ = {isa = PBXFileReference; lastKnownFileType = sourcecode.swift; path = MouseEventHandler.swift; sourceTree = "<group>"; };
		1CC4BD292C133B8100E1E842 /* KeyboardEventHandler.swift */ = {isa = PBXFileReference; lastKnownFileType = sourcecode.swift; path = KeyboardEventHandler.swift; sourceTree = "<group>"; };
		1CC4BD2B2C135E5900E1E842 /* LICENSE.txt */ = {isa = PBXFileReference; fileEncoding = 4; lastKnownFileType = text; path = LICENSE.txt; sourceTree = "<group>"; };
/* End PBXFileReference section */

/* Begin PBXFrameworksBuildPhase section */
		1CC4BD102C1327D400E1E842 /* Frameworks */ = {
			isa = PBXFrameworksBuildPhase;
			buildActionMask = 2147483647;
			files = (
			);
			runOnlyForDeploymentPostprocessing = 0;
		};
/* End PBXFrameworksBuildPhase section */

/* Begin PBXGroup section */
		1CC4BD0A2C1327D400E1E842 = {
			isa = PBXGroup;
			children = (
				1CC4BD152C1327D400E1E842 /* TypeHere */,
				1CC4BD142C1327D400E1E842 /* Products */,
			);
			sourceTree = "<group>";
		};
		1CC4BD142C1327D400E1E842 /* Products */ = {
			isa = PBXGroup;
			children = (
				1CC4BD132C1327D400E1E842 /* TypeHere.app */,
			);
			name = Products;
			sourceTree = "<group>";
		};
		1CC4BD152C1327D400E1E842 /* TypeHere */ = {
			isa = PBXGroup;
			children = (
				1CC4BD162C1327D400E1E842 /* TypeHereApp.swift */,
				1CC4BD182C1327D400E1E842 /* ContentView.swift */,
				1CC4BD252C13291A00E1E842 /* GlobalMouseListener.swift */,
				1CC4BD272C133B6800E1E842 /* MouseEventHandler.swift */,
				1CC4BD292C133B8100E1E842 /* KeyboardEventHandler.swift */,
				1CC4BD1A2C1327D700E1E842 /* Assets.xcassets */,
				1CC4BD1F2C1327D700E1E842 /* TypeHere.entitlements */,
				1CC4BD2B2C135E5900E1E842 /* LICENSE.txt */,
				1CC4BD1C2C1327D700E1E842 /* Preview Content */,
			);
			path = TypeHere;
			sourceTree = "<group>";
		};
		1CC4BD1C2C1327D700E1E842 /* Preview Content */ = {
			isa = PBXGroup;
			children = (
				1CC4BD1D2C1327D700E1E842 /* Preview Assets.xcassets */,
			);
			path = "Preview Content";
			sourceTree = "<group>";
		};
/* End PBXGroup section */

/* Begin PBXNativeTarget section */
		1CC4BD122C1327D400E1E842 /* TypeHere */ = {
			isa = PBXNativeTarget;
			buildConfigurationList = 1CC4BD222C1327D700E1E842 /* Build configuration list for PBXNativeTarget "TypeHere" */;
			buildPhases = (
				1CC4BD0F2C1327D400E1E842 /* Sources */,
				1CC4BD102C1327D400E1E842 /* Frameworks */,
				1CC4BD112C1327D400E1E842 /* Resources */,
			);
			buildRules = (
			);
			dependencies = (
			);
			name = TypeHere;
			productName = TypeHere;
			productReference = 1CC4BD132C1327D400E1E842 /* TypeHere.app */;
			productType = "com.apple.product-type.application";
		};
/* End PBXNativeTarget section */

/* Begin PBXProject section */
		1CC4BD0B2C1327D400E1E842 /* Project object */ = {
			isa = PBXProject;
			attributes = {
				BuildIndependentTargetsInParallel = 1;
				LastSwiftUpdateCheck = 1500;
				LastUpgradeCheck = 1500;
				TargetAttributes = {
					1CC4BD122C1327D400E1E842 = {
						CreatedOnToolsVersion = 15.0.1;
					};
				};
			};
			buildConfigurationList = 1CC4BD0E2C1327D400E1E842 /* Build configuration list for PBXProject "TypeHere" */;
			compatibilityVersion = "Xcode 14.0";
			developmentRegion = en;
			hasScannedForEncodings = 0;
			knownRegions = (
				en,
				Base,
			);
			mainGroup = 1CC4BD0A2C1327D400E1E842;
			productRefGroup = 1CC4BD142C1327D400E1E842 /* Products */;
			projectDirPath = "";
			projectRoot = "";
			targets = (
				1CC4BD122C1327D400E1E842 /* TypeHere */,
			);
		};
/* End PBXProject section */

/* Begin PBXResourcesBuildPhase section */
		1CC4BD112C1327D400E1E842 /* Resources */ = {
			isa = PBXResourcesBuildPhase;
			buildActionMask = 2147483647;
			files = (
				1CC4BD2C2C135E5900E1E842 /* LICENSE.txt in Resources */,
				1CC4BD1E2C1327D700E1E842 /* Preview Assets.xcassets in Resources */,
				1CC4BD1B2C1327D700E1E842 /* Assets.xcassets in Resources */,
			);
			runOnlyForDeploymentPostprocessing = 0;
		};
/* End PBXResourcesBuildPhase section */

/* Begin PBXSourcesBuildPhase section */
		1CC4BD0F2C1327D400E1E842 /* Sources */ = {
			isa = PBXSourcesBuildPhase;
			buildActionMask = 2147483647;
			files = (
				1CC4BD2A2C133B8100E1E842 /* KeyboardEventHandler.swift in Sources */,
				1CC4BD192C1327D400E1E842 /* ContentView.swift in Sources */,
				1CC4BD262C13291A00E1E842 /* GlobalMouseListener.swift in Sources */,
				1CC4BD172C1327D400E1E842 /* TypeHereApp.swift in Sources */,
				1CC4BD282C133B6800E1E842 /* MouseEventHandler.swift in Sources */,
			);
			runOnlyForDeploymentPostprocessing = 0;
		};
/* End PBXSourcesBuildPhase section */

/* Begin XCBuildConfiguration section */
		1CC4BD202C1327D700E1E842 /* Debug */ = {
			isa = XCBuildConfiguration;
			buildSettings = {
				ALWAYS_SEARCH_USER_PATHS = NO;
				ASSETCATALOG_COMPILER_GENERATE_SWIFT_ASSET_SYMBOL_EXTENSIONS = YES;
				CLANG_ANALYZER_NONNULL = YES;
				CLANG_ANALYZER_NUMBER_OBJECT_CONVERSION = YES_AGGRESSIVE;
				CLANG_CXX_LANGUAGE_STANDARD = "gnu++20";
				CLANG_ENABLE_MODULES = YES;
				CLANG_ENABLE_OBJC_ARC = YES;
				CLANG_ENABLE_OBJC_WEAK = YES;
				CLANG_WARN_BLOCK_CAPTURE_AUTORELEASING = YES;
				CLANG_WARN_BOOL_CONVERSION = YES;
				CLANG_WARN_COMMA = YES;
				CLANG_WARN_CONSTANT_CONVERSION = YES;
				CLANG_WARN_DEPRECATED_OBJC_IMPLEMENTATIONS = YES;
				CLANG_WARN_DIRECT_OBJC_ISA_USAGE = YES_ERROR;
				CLANG_WARN_DOCUMENTATION_COMMENTS = YES;
				CLANG_WARN_EMPTY_BODY = YES;
				CLANG_WARN_ENUM_CONVERSION = YES;
				CLANG_WARN_INFINITE_RECURSION = YES;
				CLANG_WARN_INT_CONVERSION = YES;
				CLANG_WARN_NON_LITERAL_NULL_CONVERSION = YES;
				CLANG_WARN_OBJC_IMPLICIT_RETAIN_SELF = YES;
				CLANG_WARN_OBJC_LITERAL_CONVERSION = YES;
				CLANG_WARN_OBJC_ROOT_CLASS = YES_ERROR;
				CLANG_WARN_QUOTED_INCLUDE_IN_FRAMEWORK_HEADER = YES;
				CLANG_WARN_RANGE_LOOP_ANALYSIS = YES;
				CLANG_WARN_STRICT_PROTOTYPES = YES;
				CLANG_WARN_SUSPICIOUS_MOVE = YES;
				CLANG_WARN_UNGUARDED_AVAILABILITY = YES_AGGRESSIVE;
				CLANG_WARN_UNREACHABLE_CODE = YES;
				CLANG_WARN__DUPLICATE_METHOD_MATCH = YES;
				COPY_PHASE_STRIP = NO;
				DEBUG_INFORMATION_FORMAT = dwarf;
				ENABLE_STRICT_OBJC_MSGSEND = YES;
				ENABLE_TESTABILITY = YES;
				ENABLE_USER_SCRIPT_SANDBOXING = YES;
				GCC_C_LANGUAGE_STANDARD = gnu17;
				GCC_DYNAMIC_NO_PIC = NO;
				GCC_NO_COMMON_BLOCKS = YES;
				GCC_OPTIMIZATION_LEVEL = 0;
				GCC_PREPROCESSOR_DEFINITIONS = (
					"DEBUG=1",
					"$(inherited)",
				);
				GCC_WARN_64_TO_32_BIT_CONVERSION = YES;
				GCC_WARN_ABOUT_RETURN_TYPE = YES_ERROR;
				GCC_WARN_UNDECLARED_SELECTOR = YES;
				GCC_WARN_UNINITIALIZED_AUTOS = YES_AGGRESSIVE;
				GCC_WARN_UNUSED_FUNCTION = YES;
				GCC_WARN_UNUSED_VARIABLE = YES;
				LOCALIZATION_PREFERS_STRING_CATALOGS = YES;
				MACOSX_DEPLOYMENT_TARGET = 14.0;
				MTL_ENABLE_DEBUG_INFO = INCLUDE_SOURCE;
				MTL_FAST_MATH = YES;
				ONLY_ACTIVE_ARCH = YES;
				SDKROOT = macosx;
				SWIFT_ACTIVE_COMPILATION_CONDITIONS = "DEBUG $(inherited)";
				SWIFT_OPTIMIZATION_LEVEL = "-Onone";
			};
			name = Debug;
		};
		1CC4BD212C1327D700E1E842 /* Release */ = {
			isa = XCBuildConfiguration;
			buildSettings = {
				ALWAYS_SEARCH_USER_PATHS = NO;
				ASSETCATALOG_COMPILER_GENERATE_SWIFT_ASSET_SYMBOL_EXTENSIONS = YES;
				CLANG_ANALYZER_NONNULL = YES;
				CLANG_ANALYZER_NUMBER_OBJECT_CONVERSION = YES_AGGRESSIVE;
				CLANG_CXX_LANGUAGE_STANDARD = "gnu++20";
				CLANG_ENABLE_MODULES = YES;
				CLANG_ENABLE_OBJC_ARC = YES;
				CLANG_ENABLE_OBJC_WEAK = YES;
				CLANG_WARN_BLOCK_CAPTURE_AUTORELEASING = YES;
				CLANG_WARN_BOOL_CONVERSION = YES;
				CLANG_WARN_COMMA = YES;
				CLANG_WARN_CONSTANT_CONVERSION = YES;
				CLANG_WARN_DEPRECATED_OBJC_IMPLEMENTATIONS = YES;
				CLANG_WARN_DIRECT_OBJC_ISA_USAGE = YES_ERROR;
				CLANG_WARN_DOCUMENTATION_COMMENTS = YES;
				CLANG_WARN_EMPTY_BODY = YES;
				CLANG_WARN_ENUM_CONVERSION = YES;
				CLANG_WARN_INFINITE_RECURSION = YES;
				CLANG_WARN_INT_CONVERSION = YES;
				CLANG_WARN_NON_LITERAL_NULL_CONVERSION = YES;
				CLANG_WARN_OBJC_IMPLICIT_RETAIN_SELF = YES;
				CLANG_WARN_OBJC_LITERAL_CONVERSION = YES;
				CLANG_WARN_OBJC_ROOT_CLASS = YES_ERROR;
				CLANG_WARN_QUOTED_INCLUDE_IN_FRAMEWORK_HEADER = YES;
				CLANG_WARN_RANGE_LOOP_ANALYSIS = YES;
				CLANG_WARN_STRICT_PROTOTYPES = YES;
				CLANG_WARN_SUSPICIOUS_MOVE = YES;
				CLANG_WARN_UNGUARDED_AVAILABILITY = YES_AGGRESSIVE;
				CLANG_WARN_UNREACHABLE_CODE = YES;
				CLANG_WARN__DUPLICATE_METHOD_MATCH = YES;
				COPY_PHASE_STRIP = NO;
				DEBUG_INFORMATION_FORMAT = "dwarf-with-dsym";
				ENABLE_NS_ASSERTIONS = NO;
				ENABLE_STRICT_OBJC_MSGSEND = YES;
				ENABLE_USER_SCRIPT_SANDBOXING = YES;
				GCC_C_LANGUAGE_STANDARD = gnu17;
				GCC_NO_COMMON_BLOCKS = YES;
				GCC_WARN_64_TO_32_BIT_CONVERSION = YES;
				GCC_WARN_ABOUT_RETURN_TYPE = YES_ERROR;
				GCC_WARN_UNDECLARED_SELECTOR = YES;
				GCC_WARN_UNINITIALIZED_AUTOS = YES_AGGRESSIVE;
				GCC_WARN_UNUSED_FUNCTION = YES;
				GCC_WARN_UNUSED_VARIABLE = YES;
				LOCALIZATION_PREFERS_STRING_CATALOGS = YES;
				MACOSX_DEPLOYMENT_TARGET = 14.0;
				MTL_ENABLE_DEBUG_INFO = NO;
				MTL_FAST_MATH = YES;
				SDKROOT = macosx;
				SWIFT_COMPILATION_MODE = wholemodule;
			};
			name = Release;
		};
		1CC4BD232C1327D700E1E842 /* Debug */ = {
			isa = XCBuildConfiguration;
			buildSettings = {
				ASSETCATALOG_COMPILER_APPICON_NAME = AppIcon;
				ASSETCATALOG_COMPILER_GLOBAL_ACCENT_COLOR_NAME = AccentColor;
				CODE_SIGN_ENTITLEMENTS = TypeHere/TypeHere.entitlements;
				CODE_SIGN_STYLE = Automatic;
				COMBINE_HIDPI_IMAGES = YES;
				CURRENT_PROJECT_VERSION = 1;
				DEVELOPMENT_ASSET_PATHS = "\"TypeHere/Preview Content\"";
				DEVELOPMENT_TEAM = RF25S2Q36A;
				ENABLE_HARDENED_RUNTIME = YES;
				ENABLE_PREVIEWS = YES;
				GENERATE_INFOPLIST_FILE = YES;
				INFOPLIST_KEY_NSHumanReadableCopyright = "";
				LD_RUNPATH_SEARCH_PATHS = (
					"$(inherited)",
					"@executable_path/../Frameworks",
				);
				MARKETING_VERSION = 1.0;
				PRODUCT_BUNDLE_IDENTIFIER = com.prokariot.TypeHere;
				PRODUCT_NAME = "$(TARGET_NAME)";
				SWIFT_EMIT_LOC_STRINGS = YES;
				SWIFT_VERSION = 5.0;
			};
			name = Debug;
		};
		1CC4BD242C1327D700E1E842 /* Release */ = {
			isa = XCBuildConfiguration;
			buildSettings = {
				ASSETCATALOG_COMPILER_APPICON_NAME = AppIcon;
				ASSETCATALOG_COMPILER_GLOBAL_ACCENT_COLOR_NAME = AccentColor;
				CODE_SIGN_ENTITLEMENTS = TypeHere/TypeHere.entitlements;
				CODE_SIGN_STYLE = Automatic;
				COMBINE_HIDPI_IMAGES = YES;
				CURRENT_PROJECT_VERSION = 1;
				DEVELOPMENT_ASSET_PATHS = "\"TypeHere/Preview Content\"";
				DEVELOPMENT_TEAM = RF25S2Q36A;
				ENABLE_HARDENED_RUNTIME = YES;
				ENABLE_PREVIEWS = YES;
				GENERATE_INFOPLIST_FILE = YES;
				INFOPLIST_KEY_NSHumanReadableCopyright = "";
				LD_RUNPATH_SEARCH_PATHS = (
					"$(inherited)",
					"@executable_path/../Frameworks",
				);
				MARKETING_VERSION = 1.0;
				PRODUCT_BUNDLE_IDENTIFIER = com.prokariot.TypeHere;
				PRODUCT_NAME = "$(TARGET_NAME)";
				SWIFT_EMIT_LOC_STRINGS = YES;
				SWIFT_VERSION = 5.0;
			};
			name = Release;
		};
/* End XCBuildConfiguration section */

/* Begin XCConfigurationList section */
		1CC4BD0E2C1327D400E1E842 /* Build configuration list for PBXProject "TypeHere" */ = {
			isa = XCConfigurationList;
			buildConfigurations = (
				1CC4BD202C1327D700E1E842 /* Debug */,
				1CC4BD212C1327D700E1E842 /* Release */,
			);
			defaultConfigurationIsVisible = 0;
			defaultConfigurationName = Release;
		};
		1CC4BD222C1327D700E1E842 /* Build configuration list for PBXNativeTarget "TypeHere" */ = {
			isa = XCConfigurationList;
			buildConfigurations = (
				1CC4BD232C1327D700E1E842 /* Debug */,
				1CC4BD242C1327D700E1E842 /* Release */,
			);
			defaultConfigurationIsVisible = 0;
			defaultConfigurationName = Release;
		};
/* End XCConfigurationList section */
	};
	rootObject = 1CC4BD0B2C1327D400E1E842 /* Project object */;
}
